
Microsoft Visual Studio Solution File, Format Version 12.00
# Visual Studio Version 17
VisualStudioVersion = 17.5.33530.505
MinimumVisualStudioVersion = 10.0.40219.1
Project("{FAE04EC0-301F-11D3-BF4B-00C04F79EFBC}") = "eTickets", "eTickets\eTickets.csproj", "{AA9F2061-6C5C-4134-99F9-5D730BCF6E59}"
EndProject
Global
	GlobalSection(SolutionConfigurationPlatforms) = preSolution
		Debug|Any CPU = Debug|Any CPU
		Release|Any CPU = Release|Any CPU
	EndGlobalSection
	GlobalSection(ProjectConfigurationPlatforms) = postSolution
		{AA9F2061-6C5C-4134-99F9-5D730BCF6E59}.Debug|Any CPU.ActiveCfg = Debug|Any CPU
		{AA9F2061-6C5C-4134-99F9-5D730BCF6E59}.Debug|Any CPU.Build.0 = Debug|Any CPU
		{AA9F2061-6C5C-4134-99F9-5D730BCF6E59}.Release|Any CPU.ActiveCfg = Release|Any CPU
		{AA9F2061-6C5C-4134-99F9-5D730BCF6E59}.Release|Any CPU.Build.0 = Release|Any CPU
	EndGlobalSection
	GlobalSection(SolutionProperties) = preSolution
		HideSolutionNode = FALSE
	EndGlobalSection
	GlobalSection(ExtensibilityGlobals) = postSolution
		SolutionGuid = {832F8963-6900-4646-96E0-88A979149A8F}
	EndGlobalSection
EndGlobal
